
Microsoft Visual Studio Solution File, Format Version 12.00
# Visual Studio 14
VisualStudioVersion = 14.0.25420.1
MinimumVisualStudioVersion = 10.0.40219.1
Project("{FAE04EC0-301F-11D3-BF4B-00C04F79EFBC}") = "HW25_Multithreading_UnZip", "HW25_Multithreading_UnZip\HW25_Multithreading_UnZip.csproj", "{816D8D1C-B9D0-439E-97DF-C4707DECD7CF}"
EndProject
Global
	GlobalSection(SolutionConfigurationPlatforms) = preSolution
		Debug|Any CPU = Debug|Any CPU
		Release|Any CPU = Release|Any CPU
	EndGlobalSection
	GlobalSection(ProjectConfigurationPlatforms) = postSolution
		{816D8D1C-B9D0-439E-97DF-C4707DECD7CF}.Debug|Any CPU.ActiveCfg = Debug|Any CPU
		{816D8D1C-B9D0-439E-97DF-C4707DECD7CF}.Debug|Any CPU.Build.0 = Debug|Any CPU
		{816D8D1C-B9D0-439E-97DF-C4707DECD7CF}.Release|Any CPU.ActiveCfg = Release|Any CPU
		{816D8D1C-B9D0-439E-97DF-C4707DECD7CF}.Release|Any CPU.Build.0 = Release|Any CPU
	EndGlobalSection
	GlobalSection(SolutionProperties) = preSolution
		HideSolutionNode = FALSE
	EndGlobalSection
EndGlobal
