
Microsoft Visual Studio Solution File, Format Version 12.00
# Visual Studio 14
VisualStudioVersion = 14.0.25420.1
MinimumVisualStudioVersion = 10.0.40219.1
Project("{FAE04EC0-301F-11D3-BF4B-00C04F79EFBC}") = "HW10_ArraySort", "HW10_ArraySort\HW10_ArraySort.csproj", "{3FCC3F33-584D-4720-A609-05BE6931BDCA}"
EndProject
Global
	GlobalSection(SolutionConfigurationPlatforms) = preSolution
		Debug|Any CPU = Debug|Any CPU
		Release|Any CPU = Release|Any CPU
	EndGlobalSection
	GlobalSection(ProjectConfigurationPlatforms) = postSolution
		{3FCC3F33-584D-4720-A609-05BE6931BDCA}.Debug|Any CPU.ActiveCfg = Debug|Any CPU
		{3FCC3F33-584D-4720-A609-05BE6931BDCA}.Debug|Any CPU.Build.0 = Debug|Any CPU
		{3FCC3F33-584D-4720-A609-05BE6931BDCA}.Release|Any CPU.ActiveCfg = Release|Any CPU
		{3FCC3F33-584D-4720-A609-05BE6931BDCA}.Release|Any CPU.Build.0 = Release|Any CPU
	EndGlobalSection
	GlobalSection(SolutionProperties) = preSolution
		HideSolutionNode = FALSE
	EndGlobalSection
EndGlobal
